
Microsoft Visual Studio Solution File, Format Version 12.00
# Visual Studio Version 16
VisualStudioVersion = 16.0.31702.278
MinimumVisualStudioVersion = 10.0.40219.1
Project("{9A19103F-16F7-4668-BE54-9A1E7A4F7556}") = "labs_4", "labs_4\labs_4.csproj", "{C0738763-E6C0-4921-A562-3F34721C560C}"
EndProject
Project("{9A19103F-16F7-4668-BE54-9A1E7A4F7556}") = "labs_5", "labs_5\labs_5.csproj", "{46AF3D9A-2DC1-4183-BA0B-068AB8EFF9BC}"
EndProject
Project("{9A19103F-16F7-4668-BE54-9A1E7A4F7556}") = "labs_6", "labs_6\labs_6.csproj", "{25B7841E-9A90-4C63-A2D4-6EBD8C058148}"
EndProject
Project("{9A19103F-16F7-4668-BE54-9A1E7A4F7556}") = "labs_7", "labs_7\labs_7.csproj", "{20B2E8D9-92C8-4F1F-99B7-6D6769E0E901}"
EndProject
Project("{9A19103F-16F7-4668-BE54-9A1E7A4F7556}") = "labs_8", "labs_8\labs_8.csproj", "{B9560D9D-E327-4AC8-B890-A35D01E54F55}"
EndProject
Project("{9A19103F-16F7-4668-BE54-9A1E7A4F7556}") = "labs_9", "labs_9\labs_9.csproj", "{DEB3A2E1-A02B-41E0-9058-0670E60F6620}"
EndProject
Project("{9A19103F-16F7-4668-BE54-9A1E7A4F7556}") = "labs_10", "labs_10\labs_10.csproj", "{8A7720E5-8C65-4859-BBD9-3698DE7CFD96}"
EndProject
Project("{9A19103F-16F7-4668-BE54-9A1E7A4F7556}") = "labs_11", "labs_11\labs_11.csproj", "{731AEE13-6850-4653-944C-C1259CDC0611}"
EndProject
Project("{9A19103F-16F7-4668-BE54-9A1E7A4F7556}") = "labs_12", "labs_12\labs_12.csproj", "{EFECA045-D890-42FD-ADE7-33DBC6DA35CE}"
EndProject
Project("{9A19103F-16F7-4668-BE54-9A1E7A4F7556}") = "labs_13", "labs_13\labs_13.csproj", "{9BA376F4-715F-4DC8-A007-CEBA3AC2F0B2}"
EndProject
Project("{9A19103F-16F7-4668-BE54-9A1E7A4F7556}") = "labs_14", "labs_14\labs_14.csproj", "{67F9834B-3E0D-4BBF-B499-3D78248174AC}"
EndProject
Project("{FAE04EC0-301F-11D3-BF4B-00C04F79EFBC}") = "labs_15", "labs_15\labs_15.csproj", "{189BBBD2-DEEE-4AF6-A5A1-61F251332DD1}"
EndProject
Global
	GlobalSection(SolutionConfigurationPlatforms) = preSolution
		Debug|Any CPU = Debug|Any CPU
		Debug|x64 = Debug|x64
		Debug|x86 = Debug|x86
		Release|Any CPU = Release|Any CPU
		Release|x64 = Release|x64
		Release|x86 = Release|x86
	EndGlobalSection
	GlobalSection(ProjectConfigurationPlatforms) = postSolution
		{C0738763-E6C0-4921-A562-3F34721C560C}.Debug|Any CPU.ActiveCfg = Debug|Any CPU
		{C0738763-E6C0-4921-A562-3F34721C560C}.Debug|Any CPU.Build.0 = Debug|Any CPU
		{C0738763-E6C0-4921-A562-3F34721C560C}.Debug|x64.ActiveCfg = Debug|Any CPU
		{C0738763-E6C0-4921-A562-3F34721C560C}.Debug|x64.Build.0 = Debug|Any CPU
		{C0738763-E6C0-4921-A562-3F34721C560C}.Debug|x86.ActiveCfg = Debug|Any CPU
		{C0738763-E6C0-4921-A562-3F34721C560C}.Debug|x86.Build.0 = Debug|Any CPU
		{C0738763-E6C0-4921-A562-3F34721C560C}.Release|Any CPU.ActiveCfg = Release|Any CPU
		{C0738763-E6C0-4921-A562-3F34721C560C}.Release|Any CPU.Build.0 = Release|Any CPU
		{C0738763-E6C0-4921-A562-3F34721C560C}.Release|x64.ActiveCfg = Release|Any CPU
		{C0738763-E6C0-4921-A562-3F34721C560C}.Release|x64.Build.0 = Release|Any CPU
		{C0738763-E6C0-4921-A562-3F34721C560C}.Release|x86.ActiveCfg = Release|Any CPU
		{C0738763-E6C0-4921-A562-3F34721C560C}.Release|x86.Build.0 = Release|Any CPU
		{46AF3D9A-2DC1-4183-BA0B-068AB8EFF9BC}.Debug|Any CPU.ActiveCfg = Debug|Any CPU
		{46AF3D9A-2DC1-4183-BA0B-068AB8EFF9BC}.Debug|Any CPU.Build.0 = Debug|Any CPU
		{46AF3D9A-2DC1-4183-BA0B-068AB8EFF9BC}.Debug|x64.ActiveCfg = Debug|Any CPU
		{46AF3D9A-2DC1-4183-BA0B-068AB8EFF9BC}.Debug|x64.Build.0 = Debug|Any CPU
		{46AF3D9A-2DC1-4183-BA0B-068AB8EFF9BC}.Debug|x86.ActiveCfg = Debug|Any CPU
		{46AF3D9A-2DC1-4183-BA0B-068AB8EFF9BC}.Debug|x86.Build.0 = Debug|Any CPU
		{46AF3D9A-2DC1-4183-BA0B-068AB8EFF9BC}.Release|Any CPU.ActiveCfg = Release|Any CPU
		{46AF3D9A-2DC1-4183-BA0B-068AB8EFF9BC}.Release|Any CPU.Build.0 = Release|Any CPU
		{46AF3D9A-2DC1-4183-BA0B-068AB8EFF9BC}.Release|x64.ActiveCfg = Release|Any CPU
		{46AF3D9A-2DC1-4183-BA0B-068AB8EFF9BC}.Release|x64.Build.0 = Release|Any CPU
		{46AF3D9A-2DC1-4183-BA0B-068AB8EFF9BC}.Release|x86.ActiveCfg = Release|Any CPU
		{46AF3D9A-2DC1-4183-BA0B-068AB8EFF9BC}.Release|x86.Build.0 = Release|Any CPU
		{25B7841E-9A90-4C63-A2D4-6EBD8C058148}.Debug|Any CPU.ActiveCfg = Debug|Any CPU
		{25B7841E-9A90-4C63-A2D4-6EBD8C058148}.Debug|Any CPU.Build.0 = Debug|Any CPU
		{25B7841E-9A90-4C63-A2D4-6EBD8C058148}.Debug|x64.ActiveCfg = Debug|Any CPU
		{25B7841E-9A90-4C63-A2D4-6EBD8C058148}.Debug|x64.Build.0 = Debug|Any CPU
		{25B7841E-9A90-4C63-A2D4-6EBD8C058148}.Debug|x86.ActiveCfg = Debug|Any CPU
		{25B7841E-9A90-4C63-A2D4-6EBD8C058148}.Debug|x86.Build.0 = Debug|Any CPU
		{25B7841E-9A90-4C63-A2D4-6EBD8C058148}.Release|Any CPU.ActiveCfg = Release|Any CPU
		{25B7841E-9A90-4C63-A2D4-6EBD8C058148}.Release|Any CPU.Build.0 = Release|Any CPU
		{25B7841E-9A90-4C63-A2D4-6EBD8C058148}.Release|x64.ActiveCfg = Release|Any CPU
		{25B7841E-9A90-4C63-A2D4-6EBD8C058148}.Release|x64.Build.0 = Release|Any CPU
		{25B7841E-9A90-4C63-A2D4-6EBD8C058148}.Release|x86.ActiveCfg = Release|Any CPU
		{25B7841E-9A90-4C63-A2D4-6EBD8C058148}.Release|x86.Build.0 = Release|Any CPU
		{20B2E8D9-92C8-4F1F-99B7-6D6769E0E901}.Debug|Any CPU.ActiveCfg = Debug|Any CPU
		{20B2E8D9-92C8-4F1F-99B7-6D6769E0E901}.Debug|Any CPU.Build.0 = Debug|Any CPU
		{20B2E8D9-92C8-4F1F-99B7-6D6769E0E901}.Debug|x64.ActiveCfg = Debug|Any CPU
		{20B2E8D9-92C8-4F1F-99B7-6D6769E0E901}.Debug|x64.Build.0 = Debug|Any CPU
		{20B2E8D9-92C8-4F1F-99B7-6D6769E0E901}.Debug|x86.ActiveCfg = Debug|Any CPU
		{20B2E8D9-92C8-4F1F-99B7-6D6769E0E901}.Debug|x86.Build.0 = Debug|Any CPU
		{20B2E8D9-92C8-4F1F-99B7-6D6769E0E901}.Release|Any CPU.ActiveCfg = Release|Any CPU
		{20B2E8D9-92C8-4F1F-99B7-6D6769E0E901}.Release|Any CPU.Build.0 = Release|Any CPU
		{20B2E8D9-92C8-4F1F-99B7-6D6769E0E901}.Release|x64.ActiveCfg = Release|Any CPU
		{20B2E8D9-92C8-4F1F-99B7-6D6769E0E901}.Release|x64.Build.0 = Release|Any CPU
		{20B2E8D9-92C8-4F1F-99B7-6D6769E0E901}.Release|x86.ActiveCfg = Release|Any CPU
		{20B2E8D9-92C8-4F1F-99B7-6D6769E0E901}.Release|x86.Build.0 = Release|Any CPU
		{B9560D9D-E327-4AC8-B890-A35D01E54F55}.Debug|Any CPU.ActiveCfg = Debug|Any CPU
		{B9560D9D-E327-4AC8-B890-A35D01E54F55}.Debug|Any CPU.Build.0 = Debug|Any CPU
		{B9560D9D-E327-4AC8-B890-A35D01E54F55}.Debug|x64.ActiveCfg = Debug|Any CPU
		{B9560D9D-E327-4AC8-B890-A35D01E54F55}.Debug|x64.Build.0 = Debug|Any CPU
		{B9560D9D-E327-4AC8-B890-A35D01E54F55}.Debug|x86.ActiveCfg = Debug|Any CPU
		{B9560D9D-E327-4AC8-B890-A35D01E54F55}.Debug|x86.Build.0 = Debug|Any CPU
		{B9560D9D-E327-4AC8-B890-A35D01E54F55}.Release|Any CPU.ActiveCfg = Release|Any CPU
		{B9560D9D-E327-4AC8-B890-A35D01E54F55}.Release|Any CPU.Build.0 = Release|Any CPU
		{B9560D9D-E327-4AC8-B890-A35D01E54F55}.Release|x64.ActiveCfg = Release|Any CPU
		{B9560D9D-E327-4AC8-B890-A35D01E54F55}.Release|x64.Build.0 = Release|Any CPU
		{B9560D9D-E327-4AC8-B890-A35D01E54F55}.Release|x86.ActiveCfg = Release|Any CPU
		{B9560D9D-E327-4AC8-B890-A35D01E54F55}.Release|x86.Build.0 = Release|Any CPU
		{DEB3A2E1-A02B-41E0-9058-0670E60F6620}.Debug|Any CPU.ActiveCfg = Debug|Any CPU
		{DEB3A2E1-A02B-41E0-9058-0670E60F6620}.Debug|Any CPU.Build.0 = Debug|Any CPU
		{DEB3A2E1-A02B-41E0-9058-0670E60F6620}.Debug|x64.ActiveCfg = Debug|Any CPU
		{DEB3A2E1-A02B-41E0-9058-0670E60F6620}.Debug|x64.Build.0 = Debug|Any CPU
		{DEB3A2E1-A02B-41E0-9058-0670E60F6620}.Debug|x86.ActiveCfg = Debug|Any CPU
		{DEB3A2E1-A02B-41E0-9058-0670E60F6620}.Debug|x86.Build.0 = Debug|Any CPU
		{DEB3A2E1-A02B-41E0-9058-0670E60F6620}.Release|Any CPU.ActiveCfg = Release|Any CPU
		{DEB3A2E1-A02B-41E0-9058-0670E60F6620}.Release|Any CPU.Build.0 = Release|Any CPU
		{DEB3A2E1-A02B-41E0-9058-0670E60F6620}.Release|x64.ActiveCfg = Release|Any CPU
		{DEB3A2E1-A02B-41E0-9058-0670E60F6620}.Release|x64.Build.0 = Release|Any CPU
		{DEB3A2E1-A02B-41E0-9058-0670E60F6620}.Release|x86.ActiveCfg = Release|Any CPU
		{DEB3A2E1-A02B-41E0-9058-0670E60F6620}.Release|x86.Build.0 = Release|Any CPU
		{8A7720E5-8C65-4859-BBD9-3698DE7CFD96}.Debug|Any CPU.ActiveCfg = Debug|Any CPU
		{8A7720E5-8C65-4859-BBD9-3698DE7CFD96}.Debug|Any CPU.Build.0 = Debug|Any CPU
		{8A7720E5-8C65-4859-BBD9-3698DE7CFD96}.Debug|x64.ActiveCfg = Debug|Any CPU
		{8A7720E5-8C65-4859-BBD9-3698DE7CFD96}.Debug|x64.Build.0 = Debug|Any CPU
		{8A7720E5-8C65-4859-BBD9-3698DE7CFD96}.Debug|x86.ActiveCfg = Debug|Any CPU
		{8A7720E5-8C65-4859-BBD9-3698DE7CFD96}.Debug|x86.Build.0 = Debug|Any CPU
		{8A7720E5-8C65-4859-BBD9-3698DE7CFD96}.Release|Any CPU.ActiveCfg = Release|Any CPU
		{8A7720E5-8C65-4859-BBD9-3698DE7CFD96}.Release|Any CPU.Build.0 = Release|Any CPU
		{8A7720E5-8C65-4859-BBD9-3698DE7CFD96}.Release|x64.ActiveCfg = Release|Any CPU
		{8A7720E5-8C65-4859-BBD9-3698DE7CFD96}.Release|x64.Build.0 = Release|Any CPU
		{8A7720E5-8C65-4859-BBD9-3698DE7CFD96}.Release|x86.ActiveCfg = Release|Any CPU
		{8A7720E5-8C65-4859-BBD9-3698DE7CFD96}.Release|x86.Build.0 = Release|Any CPU
		{731AEE13-6850-4653-944C-C1259CDC0611}.Debug|Any CPU.ActiveCfg = Debug|Any CPU
		{731AEE13-6850-4653-944C-C1259CDC0611}.Debug|Any CPU.Build.0 = Debug|Any CPU
		{731AEE13-6850-4653-944C-C1259CDC0611}.Debug|x64.ActiveCfg = Debug|Any CPU
		{731AEE13-6850-4653-944C-C1259CDC0611}.Debug|x64.Build.0 = Debug|Any CPU
		{731AEE13-6850-4653-944C-C1259CDC0611}.Debug|x86.ActiveCfg = Debug|Any CPU
		{731AEE13-6850-4653-944C-C1259CDC0611}.Debug|x86.Build.0 = Debug|Any CPU
		{731AEE13-6850-4653-944C-C1259CDC0611}.Release|Any CPU.ActiveCfg = Release|Any CPU
		{731AEE13-6850-4653-944C-C1259CDC0611}.Release|Any CPU.Build.0 = Release|Any CPU
		{731AEE13-6850-4653-944C-C1259CDC0611}.Release|x64.ActiveCfg = Release|Any CPU
		{731AEE13-6850-4653-944C-C1259CDC0611}.Release|x64.Build.0 = Release|Any CPU
		{731AEE13-6850-4653-944C-C1259CDC0611}.Release|x86.ActiveCfg = Release|Any CPU
		{731AEE13-6850-4653-944C-C1259CDC0611}.Release|x86.Build.0 = Release|Any CPU
		{EFECA045-D890-42FD-ADE7-33DBC6DA35CE}.Debug|Any CPU.ActiveCfg = Debug|Any CPU
		{EFECA045-D890-42FD-ADE7-33DBC6DA35CE}.Debug|Any CPU.Build.0 = Debug|Any CPU
		{EFECA045-D890-42FD-ADE7-33DBC6DA35CE}.Debug|x64.ActiveCfg = Debug|Any CPU
		{EFECA045-D890-42FD-ADE7-33DBC6DA35CE}.Debug|x64.Build.0 = Debug|Any CPU
		{EFECA045-D890-42FD-ADE7-33DBC6DA35CE}.Debug|x86.ActiveCfg = Debug|Any CPU
		{EFECA045-D890-42FD-ADE7-33DBC6DA35CE}.Debug|x86.Build.0 = Debug|Any CPU
		{EFECA045-D890-42FD-ADE7-33DBC6DA35CE}.Release|Any CPU.ActiveCfg = Release|Any CPU
		{EFECA045-D890-42FD-ADE7-33DBC6DA35CE}.Release|Any CPU.Build.0 = Release|Any CPU
		{EFECA045-D890-42FD-ADE7-33DBC6DA35CE}.Release|x64.ActiveCfg = Release|Any CPU
		{EFECA045-D890-42FD-ADE7-33DBC6DA35CE}.Release|x64.Build.0 = Release|Any CPU
		{EFECA045-D890-42FD-ADE7-33DBC6DA35CE}.Release|x86.ActiveCfg = Release|Any CPU
		{EFECA045-D890-42FD-ADE7-33DBC6DA35CE}.Release|x86.Build.0 = Release|Any CPU
		{9BA376F4-715F-4DC8-A007-CEBA3AC2F0B2}.Debug|Any CPU.ActiveCfg = Debug|Any CPU
		{9BA376F4-715F-4DC8-A007-CEBA3AC2F0B2}.Debug|Any CPU.Build.0 = Debug|Any CPU
		{9BA376F4-715F-4DC8-A007-CEBA3AC2F0B2}.Debug|x64.ActiveCfg = Debug|Any CPU
		{9BA376F4-715F-4DC8-A007-CEBA3AC2F0B2}.Debug|x64.Build.0 = Debug|Any CPU
		{9BA376F4-715F-4DC8-A007-CEBA3AC2F0B2}.Debug|x86.ActiveCfg = Debug|Any CPU
		{9BA376F4-715F-4DC8-A007-CEBA3AC2F0B2}.Debug|x86.Build.0 = Debug|Any CPU
		{9BA376F4-715F-4DC8-A007-CEBA3AC2F0B2}.Release|Any CPU.ActiveCfg = Release|Any CPU
		{9BA376F4-715F-4DC8-A007-CEBA3AC2F0B2}.Release|Any CPU.Build.0 = Release|Any CPU
		{9BA376F4-715F-4DC8-A007-CEBA3AC2F0B2}.Release|x64.ActiveCfg = Release|Any CPU
		{9BA376F4-715F-4DC8-A007-CEBA3AC2F0B2}.Release|x64.Build.0 = Release|Any CPU
		{9BA376F4-715F-4DC8-A007-CEBA3AC2F0B2}.Release|x86.ActiveCfg = Release|Any CPU
		{9BA376F4-715F-4DC8-A007-CEBA3AC2F0B2}.Release|x86.Build.0 = Release|Any CPU
		{67F9834B-3E0D-4BBF-B499-3D78248174AC}.Debug|Any CPU.ActiveCfg = Debug|Any CPU
		{67F9834B-3E0D-4BBF-B499-3D78248174AC}.Debug|Any CPU.Build.0 = Debug|Any CPU
		{67F9834B-3E0D-4BBF-B499-3D78248174AC}.Debug|x64.ActiveCfg = Debug|Any CPU
		{67F9834B-3E0D-4BBF-B499-3D78248174AC}.Debug|x64.Build.0 = Debug|Any CPU
		{67F9834B-3E0D-4BBF-B499-3D78248174AC}.Debug|x86.ActiveCfg = Debug|Any CPU
		{67F9834B-3E0D-4BBF-B499-3D78248174AC}.Debug|x86.Build.0 = Debug|Any CPU
		{67F9834B-3E0D-4BBF-B499-3D78248174AC}.Release|Any CPU.ActiveCfg = Release|Any CPU
		{67F9834B-3E0D-4BBF-B499-3D78248174AC}.Release|Any CPU.Build.0 = Release|Any CPU
		{67F9834B-3E0D-4BBF-B499-3D78248174AC}.Release|x64.ActiveCfg = Release|Any CPU
		{67F9834B-3E0D-4BBF-B499-3D78248174AC}.Release|x64.Build.0 = Release|Any CPU
		{67F9834B-3E0D-4BBF-B499-3D78248174AC}.Release|x86.ActiveCfg = Release|Any CPU
		{67F9834B-3E0D-4BBF-B499-3D78248174AC}.Release|x86.Build.0 = Release|Any CPU
		{189BBBD2-DEEE-4AF6-A5A1-61F251332DD1}.Debug|Any CPU.ActiveCfg = Debug|Any CPU
		{189BBBD2-DEEE-4AF6-A5A1-61F251332DD1}.Debug|Any CPU.Build.0 = Debug|Any CPU
		{189BBBD2-DEEE-4AF6-A5A1-61F251332DD1}.Debug|x64.ActiveCfg = Debug|Any CPU
		{189BBBD2-DEEE-4AF6-A5A1-61F251332DD1}.Debug|x64.Build.0 = Debug|Any CPU
		{189BBBD2-DEEE-4AF6-A5A1-61F251332DD1}.Debug|x86.ActiveCfg = Debug|Any CPU
		{189BBBD2-DEEE-4AF6-A5A1-61F251332DD1}.Debug|x86.Build.0 = Debug|Any CPU
		{189BBBD2-DEEE-4AF6-A5A1-61F251332DD1}.Release|Any CPU.ActiveCfg = Release|Any CPU
		{189BBBD2-DEEE-4AF6-A5A1-61F251332DD1}.Release|Any CPU.Build.0 = Release|Any CPU
		{189BBBD2-DEEE-4AF6-A5A1-61F251332DD1}.Release|x64.ActiveCfg = Release|Any CPU
		{189BBBD2-DEEE-4AF6-A5A1-61F251332DD1}.Release|x64.Build.0 = Release|Any CPU
		{189BBBD2-DEEE-4AF6-A5A1-61F251332DD1}.Release|x86.ActiveCfg = Release|Any CPU
		{189BBBD2-DEEE-4AF6-A5A1-61F251332DD1}.Release|x86.Build.0 = Release|Any CPU
	EndGlobalSection
	GlobalSection(SolutionProperties) = preSolution
		HideSolutionNode = FALSE
	EndGlobalSection
	GlobalSection(ExtensibilityGlobals) = postSolution
		SolutionGuid = {441BF920-EC13-41BF-B936-6704E0307A30}
	EndGlobalSection
EndGlobal
