
Microsoft Visual Studio Solution File, Format Version 12.00
# Visual Studio Version 16
VisualStudioVersion = 16.0.31702.278
MinimumVisualStudioVersion = 10.0.40219.1
Project("{9A19103F-16F7-4668-BE54-9A1E7A4F7556}") = "labs_4", "labs_4\labs_4.csproj", "{C0738763-E6C0-4921-A562-3F34721C560C}"
EndProject
Project("{9A19103F-16F7-4668-BE54-9A1E7A4F7556}") = "labs_5", "labs_5\labs_5.csproj", "{46AF3D9A-2DC1-4183-BA0B-068AB8EFF9BC}"
EndProject
Project("{9A19103F-16F7-4668-BE54-9A1E7A4F7556}") = "labs_6", "labs_6\labs_6.csproj", "{25B7841E-9A90-4C63-A2D4-6EBD8C058148}"
EndProject
Project("{FAE04EC0-301F-11D3-BF4B-00C04F79EFBC}") = "labs_7", "labs_7\labs_7.csproj", "{20B2E8D9-92C8-4F1F-99B7-6D6769E0E901}"
EndProject
Global
	GlobalSection(SolutionConfigurationPlatforms) = preSolution
		Debug|Any CPU = Debug|Any CPU
		Debug|x64 = Debug|x64
		Debug|x86 = Debug|x86
		Release|Any CPU = Release|Any CPU
		Release|x64 = Release|x64
		Release|x86 = Release|x86
	EndGlobalSection
	GlobalSection(ProjectConfigurationPlatforms) = postSolution
		{C0738763-E6C0-4921-A562-3F34721C560C}.Debug|Any CPU.ActiveCfg = Debug|Any CPU
		{C0738763-E6C0-4921-A562-3F34721C560C}.Debug|Any CPU.Build.0 = Debug|Any CPU
		{C0738763-E6C0-4921-A562-3F34721C560C}.Debug|x64.ActiveCfg = Debug|Any CPU
		{C0738763-E6C0-4921-A562-3F34721C560C}.Debug|x64.Build.0 = Debug|Any CPU
		{C0738763-E6C0-4921-A562-3F34721C560C}.Debug|x86.ActiveCfg = Debug|Any CPU
		{C0738763-E6C0-4921-A562-3F34721C560C}.Debug|x86.Build.0 = Debug|Any CPU
		{C0738763-E6C0-4921-A562-3F34721C560C}.Release|Any CPU.ActiveCfg = Release|Any CPU
		{C0738763-E6C0-4921-A562-3F34721C560C}.Release|Any CPU.Build.0 = Release|Any CPU
		{C0738763-E6C0-4921-A562-3F34721C560C}.Release|x64.ActiveCfg = Release|Any CPU
		{C0738763-E6C0-4921-A562-3F34721C560C}.Release|x64.Build.0 = Release|Any CPU
		{C0738763-E6C0-4921-A562-3F34721C560C}.Release|x86.ActiveCfg = Release|Any CPU
		{C0738763-E6C0-4921-A562-3F34721C560C}.Release|x86.Build.0 = Release|Any CPU
		{46AF3D9A-2DC1-4183-BA0B-068AB8EFF9BC}.Debug|Any CPU.ActiveCfg = Debug|Any CPU
		{46AF3D9A-2DC1-4183-BA0B-068AB8EFF9BC}.Debug|Any CPU.Build.0 = Debug|Any CPU
		{46AF3D9A-2DC1-4183-BA0B-068AB8EFF9BC}.Debug|x64.ActiveCfg = Debug|Any CPU
		{46AF3D9A-2DC1-4183-BA0B-068AB8EFF9BC}.Debug|x64.Build.0 = Debug|Any CPU
		{46AF3D9A-2DC1-4183-BA0B-068AB8EFF9BC}.Debug|x86.ActiveCfg = Debug|Any CPU
		{46AF3D9A-2DC1-4183-BA0B-068AB8EFF9BC}.Debug|x86.Build.0 = Debug|Any CPU
		{46AF3D9A-2DC1-4183-BA0B-068AB8EFF9BC}.Release|Any CPU.ActiveCfg = Release|Any CPU
		{46AF3D9A-2DC1-4183-BA0B-068AB8EFF9BC}.Release|Any CPU.Build.0 = Release|Any CPU
		{46AF3D9A-2DC1-4183-BA0B-068AB8EFF9BC}.Release|x64.ActiveCfg = Release|Any CPU
		{46AF3D9A-2DC1-4183-BA0B-068AB8EFF9BC}.Release|x64.Build.0 = Release|Any CPU
		{46AF3D9A-2DC1-4183-BA0B-068AB8EFF9BC}.Release|x86.ActiveCfg = Release|Any CPU
		{46AF3D9A-2DC1-4183-BA0B-068AB8EFF9BC}.Release|x86.Build.0 = Release|Any CPU
		{25B7841E-9A90-4C63-A2D4-6EBD8C058148}.Debug|Any CPU.ActiveCfg = Debug|Any CPU
		{25B7841E-9A90-4C63-A2D4-6EBD8C058148}.Debug|Any CPU.Build.0 = Debug|Any CPU
		{25B7841E-9A90-4C63-A2D4-6EBD8C058148}.Debug|x64.ActiveCfg = Debug|Any CPU
		{25B7841E-9A90-4C63-A2D4-6EBD8C058148}.Debug|x64.Build.0 = Debug|Any CPU
		{25B7841E-9A90-4C63-A2D4-6EBD8C058148}.Debug|x86.ActiveCfg = Debug|Any CPU
		{25B7841E-9A90-4C63-A2D4-6EBD8C058148}.Debug|x86.Build.0 = Debug|Any CPU
		{25B7841E-9A90-4C63-A2D4-6EBD8C058148}.Release|Any CPU.ActiveCfg = Release|Any CPU
		{25B7841E-9A90-4C63-A2D4-6EBD8C058148}.Release|Any CPU.Build.0 = Release|Any CPU
		{25B7841E-9A90-4C63-A2D4-6EBD8C058148}.Release|x64.ActiveCfg = Release|Any CPU
		{25B7841E-9A90-4C63-A2D4-6EBD8C058148}.Release|x64.Build.0 = Release|Any CPU
		{25B7841E-9A90-4C63-A2D4-6EBD8C058148}.Release|x86.ActiveCfg = Release|Any CPU
		{25B7841E-9A90-4C63-A2D4-6EBD8C058148}.Release|x86.Build.0 = Release|Any CPU
		{20B2E8D9-92C8-4F1F-99B7-6D6769E0E901}.Debug|Any CPU.ActiveCfg = Debug|Any CPU
		{20B2E8D9-92C8-4F1F-99B7-6D6769E0E901}.Debug|Any CPU.Build.0 = Debug|Any CPU
		{20B2E8D9-92C8-4F1F-99B7-6D6769E0E901}.Debug|x64.ActiveCfg = Debug|Any CPU
		{20B2E8D9-92C8-4F1F-99B7-6D6769E0E901}.Debug|x64.Build.0 = Debug|Any CPU
		{20B2E8D9-92C8-4F1F-99B7-6D6769E0E901}.Debug|x86.ActiveCfg = Debug|Any CPU
		{20B2E8D9-92C8-4F1F-99B7-6D6769E0E901}.Debug|x86.Build.0 = Debug|Any CPU
		{20B2E8D9-92C8-4F1F-99B7-6D6769E0E901}.Release|Any CPU.ActiveCfg = Release|Any CPU
		{20B2E8D9-92C8-4F1F-99B7-6D6769E0E901}.Release|Any CPU.Build.0 = Release|Any CPU
		{20B2E8D9-92C8-4F1F-99B7-6D6769E0E901}.Release|x64.ActiveCfg = Release|Any CPU
		{20B2E8D9-92C8-4F1F-99B7-6D6769E0E901}.Release|x64.Build.0 = Release|Any CPU
		{20B2E8D9-92C8-4F1F-99B7-6D6769E0E901}.Release|x86.ActiveCfg = Release|Any CPU
		{20B2E8D9-92C8-4F1F-99B7-6D6769E0E901}.Release|x86.Build.0 = Release|Any CPU
	EndGlobalSection
	GlobalSection(SolutionProperties) = preSolution
		HideSolutionNode = FALSE
	EndGlobalSection
	GlobalSection(ExtensibilityGlobals) = postSolution
		SolutionGuid = {441BF920-EC13-41BF-B936-6704E0307A30}
	EndGlobalSection
EndGlobal
